
Microsoft Visual Studio Solution File, Format Version 12.00
# Visual Studio Version 17
VisualStudioVersion = 17.4.33213.308
MinimumVisualStudioVersion = 10.0.40219.1
Project("{FAE04EC0-301F-11D3-BF4B-00C04F79EFBC}") = "Web Api", "Web Api\Web Api.csproj", "{DD53BE50-D9BF-47BA-A774-014294127E10}"
EndProject
Global
	GlobalSection(SolutionConfigurationPlatforms) = preSolution
		Debug|Any CPU = Debug|Any CPU
		Release|Any CPU = Release|Any CPU
	EndGlobalSection
	GlobalSection(ProjectConfigurationPlatforms) = postSolution
		{DD53BE50-D9BF-47BA-A774-014294127E10}.Debug|Any CPU.ActiveCfg = Debug|Any CPU
		{DD53BE50-D9BF-47BA-A774-014294127E10}.Debug|Any CPU.Build.0 = Debug|Any CPU
		{DD53BE50-D9BF-47BA-A774-014294127E10}.Release|Any CPU.ActiveCfg = Release|Any CPU
		{DD53BE50-D9BF-47BA-A774-014294127E10}.Release|Any CPU.Build.0 = Release|Any CPU
	EndGlobalSection
	GlobalSection(SolutionProperties) = preSolution
		HideSolutionNode = FALSE
	EndGlobalSection
	GlobalSection(ExtensibilityGlobals) = postSolution
		SolutionGuid = {D2342BB2-74B0-4A4C-8092-E1F5C2B504B1}
	EndGlobalSection
EndGlobal
